
Microsoft Visual Studio Solution File, Format Version 12.00
# Visual Studio Version 17
VisualStudioVersion = 17.14.36623.8 d17.14
MinimumVisualStudioVersion = 10.0.40219.1
Project("{FAE04EC0-301F-11D3-BF4B-00C04F79EFBC}") = "mcs", "mcs.csproj", "{C2022B62-5A79-49D3-8A4A-B0AC35A6E4F8}"
EndProject
Global
	GlobalSection(SolutionConfigurationPlatforms) = preSolution
		Debug|Any CPU = Debug|Any CPU
		Release|Any CPU = Release|Any CPU
	EndGlobalSection
	GlobalSection(ProjectConfigurationPlatforms) = postSolution
		{C2022B62-5A79-49D3-8A4A-B0AC35A6E4F8}.Debug|Any CPU.ActiveCfg = Debug|Any CPU
		{C2022B62-5A79-49D3-8A4A-B0AC35A6E4F8}.Debug|Any CPU.Build.0 = Debug|Any CPU
		{C2022B62-5A79-49D3-8A4A-B0AC35A6E4F8}.Release|Any CPU.ActiveCfg = Release|Any CPU
		{C2022B62-5A79-49D3-8A4A-B0AC35A6E4F8}.Release|Any CPU.Build.0 = Release|Any CPU
	EndGlobalSection
	GlobalSection(SolutionProperties) = preSolution
		HideSolutionNode = FALSE
	EndGlobalSection
	GlobalSection(ExtensibilityGlobals) = postSolution
		SolutionGuid = {B50DE050-7ACF-497D-B7BD-4898A0E8B2C8}
	EndGlobalSection
EndGlobal
